<?xml version="1.0" encoding="utf-8"?>
<Project xmlns="http://schemas.microsoft.com/developer/msbuild/2003">
  <ItemGroup>
    <Filter Include="Generated Files">
      <UniqueIdentifier>{71ED8ED8-ACB9-4CE9-BBE1-E00B30144E11}</UniqueIdentifier>
      <Extensions>cpp;c;cxx;moc;h;def;odl;idl;res;</Extensions>
    </Filter>
    <Filter Include="Generated Files">
      <UniqueIdentifier>{71ED8ED8-ACB9-4CE9-BBE1-E00B30144E11}</UniqueIdentifier>
      <Extensions>cpp;c;cxx;moc;h;def;odl;idl;res;</Extensions>
    </Filter>
    <Filter Include="Header Files">
      <UniqueIdentifier>{93995380-89BD-4b04-88EB-625FBE52EBFB}</UniqueIdentifier>
      <Extensions>h;hpp;hxx;hm;inl;inc;xsd</Extensions>
    </Filter>
    <Filter Include="Header Files">
      <UniqueIdentifier>{93995380-89BD-4b04-88EB-625FBE52EBFB}</UniqueIdentifier>
      <Extensions>h;hpp;hxx;hm;inl;inc;xsd</Extensions>
    </Filter>
    <Filter Include="Resource Files">
      <UniqueIdentifier>{D9D6E242-F8AF-46E4-B9FD-80ECBC20BA3E}</UniqueIdentifier>
      <Extensions>qrc;*</Extensions>
      <ParseFiles>false</ParseFiles>
    </Filter>
    <Filter Include="Resource Files">
      <UniqueIdentifier>{D9D6E242-F8AF-46E4-B9FD-80ECBC20BA3E}</UniqueIdentifier>
      <Extensions>qrc;*</Extensions>
      <ParseFiles>false</ParseFiles>
    </Filter>
    <Filter Include="Source Files">
      <UniqueIdentifier>{4FC737F1-C7A5-4376-A066-2A32D752A2FF}</UniqueIdentifier>
      <Extensions>cpp;c;cxx;def;odl;idl;hpj;bat;asm;asmx</Extensions>
    </Filter>
    <Filter Include="Source Files">
      <UniqueIdentifier>{4FC737F1-C7A5-4376-A066-2A32D752A2FF}</UniqueIdentifier>
      <Extensions>cpp;c;cxx;def;odl;idl;hpj;bat;asm;asmx</Extensions>
    </Filter>
    <Filter Include="Deployment Files">
      <UniqueIdentifier>{D9D6E243-F8AF-46E4-B9FD-80ECBC20BA3E}</UniqueIdentifier>
      <Extensions>deploy</Extensions>
      <ParseFiles>false</ParseFiles>
    </Filter>
    <Filter Include="Deployment Files">
      <UniqueIdentifier>{D9D6E243-F8AF-46E4-B9FD-80ECBC20BA3E}</UniqueIdentifier>
      <Extensions>deploy</Extensions>
      <ParseFiles>false</ParseFiles>
    </Filter>
  </ItemGroup>
  <ItemGroup>
    <ClCompile Include="cards.cpp">
      <Filter>Source Files</Filter>
    </ClCompile>
    <ClCompile Include="database.cpp">
      <Filter>Source Files</Filter>
    </ClCompile>
    <ClCompile Include="drawcards.cpp">
      <Filter>Source Files</Filter>
    </ClCompile>
    <ClCompile Include="game.cpp">
      <Filter>Source Files</Filter>
    </ClCompile>
    <ClCompile Include="game_over.cpp">
      <Filter>Source Files</Filter>
    </ClCompile>
    <ClCompile Include="generator_of_random_numbers.cpp">
      <Filter>Source Files</Filter>
    </ClCompile>
    <ClCompile Include="graphic_options.cpp">
      <Filter>Source Files</Filter>
    </ClCompile>
    <ClCompile Include="graphic_others.cpp">
      <Filter>Source Files</Filter>
    </ClCompile>
    <ClCompile Include="main.cpp">
      <Filter>Source Files</Filter>
    </ClCompile>
    <ClCompile Include="mainbuttons.cpp">
      <Filter>Source Files</Filter>
    </ClCompile>
    <ClCompile Include="options_difficulty_level.cpp">
      <Filter>Source Files</Filter>
    </ClCompile>
    <ClCompile Include="statistic.cpp">
      <Filter>Source Files</Filter>
    </ClCompile>
    <ClCompile Include="statistic_is_best_time.cpp">
      <Filter>Source Files</Filter>
    </ClCompile>
    <ClCompile Include="statisticbesttime.cpp">
      <Filter>Source Files</Filter>
    </ClCompile>
    <ClCompile Include="timer.cpp">
      <Filter>Source Files</Filter>
    </ClCompile>
    <ClCompile Include="who_is_best.cpp">
      <Filter>Source Files</Filter>
    </ClCompile>
  </ItemGroup>
  <ItemGroup>
    <CustomBuild Include="cards.h">
      <Filter>Header Files</Filter>
    </CustomBuild>
    <ClInclude Include="database.h">
      <Filter>Header Files</Filter>
    </ClInclude>
    <CustomBuild Include="drawcards.h">
      <Filter>Header Files</Filter>
    </CustomBuild>
    <CustomBuild Include="game.h">
      <Filter>Header Files</Filter>
    </CustomBuild>
    <CustomBuild Include="game_over.h">
      <Filter>Header Files</Filter>
    </CustomBuild>
    <ClInclude Include="generator_of_random_numbers.h">
      <Filter>Header Files</Filter>
    </ClInclude>
    <CustomBuild Include="graphic_options.h">
      <Filter>Header Files</Filter>
    </CustomBuild>
    <CustomBuild Include="graphic_others.h">
      <Filter>Header Files</Filter>
    </CustomBuild>
    <CustomBuild Include="mainbuttons.h">
      <Filter>Header Files</Filter>
    </CustomBuild>
    <CustomBuild Include="options_difficulty_level.h">
      <Filter>Header Files</Filter>
    </CustomBuild>
    <CustomBuild Include="statistic.h">
      <Filter>Header Files</Filter>
    </CustomBuild>
    <ClInclude Include="statistic_is_best_time.h">
      <Filter>Header Files</Filter>
    </ClInclude>
    <ClInclude Include="statisticbesttime.h">
      <Filter>Header Files</Filter>
    </ClInclude>
    <CustomBuild Include="timer.h">
      <Filter>Header Files</Filter>
    </CustomBuild>
    <ClInclude Include="who_is_best.h">
      <Filter>Header Files</Filter>
    </ClInclude>
  </ItemGroup>
  <ItemGroup>
    <ClCompile Include="debug\moc_cards.cpp">
      <Filter>Generated Files</Filter>
    </ClCompile>
    <ClCompile Include="release\moc_cards.cpp">
      <Filter>Generated Files</Filter>
    </ClCompile>
    <ClCompile Include="debug\moc_drawcards.cpp">
      <Filter>Generated Files</Filter>
    </ClCompile>
    <ClCompile Include="release\moc_drawcards.cpp">
      <Filter>Generated Files</Filter>
    </ClCompile>
    <ClCompile Include="debug\moc_game.cpp">
      <Filter>Generated Files</Filter>
    </ClCompile>
    <ClCompile Include="release\moc_game.cpp">
      <Filter>Generated Files</Filter>
    </ClCompile>
    <ClCompile Include="debug\moc_game_over.cpp">
      <Filter>Generated Files</Filter>
    </ClCompile>
    <ClCompile Include="release\moc_game_over.cpp">
      <Filter>Generated Files</Filter>
    </ClCompile>
    <ClCompile Include="debug\moc_graphic_options.cpp">
      <Filter>Generated Files</Filter>
    </ClCompile>
    <ClCompile Include="release\moc_graphic_options.cpp">
      <Filter>Generated Files</Filter>
    </ClCompile>
    <ClCompile Include="debug\moc_graphic_others.cpp">
      <Filter>Generated Files</Filter>
    </ClCompile>
    <ClCompile Include="release\moc_graphic_others.cpp">
      <Filter>Generated Files</Filter>
    </ClCompile>
    <ClCompile Include="debug\moc_mainbuttons.cpp">
      <Filter>Generated Files</Filter>
    </ClCompile>
    <ClCompile Include="release\moc_mainbuttons.cpp">
      <Filter>Generated Files</Filter>
    </ClCompile>
    <ClCompile Include="debug\moc_options_difficulty_level.cpp">
      <Filter>Generated Files</Filter>
    </ClCompile>
    <ClCompile Include="release\moc_options_difficulty_level.cpp">
      <Filter>Generated Files</Filter>
    </ClCompile>
    <CustomBuild Include="debug\moc_predefs.h.cbt">
      <Filter>Generated Files</Filter>
    </CustomBuild>
    <CustomBuild Include="release\moc_predefs.h.cbt">
      <Filter>Generated Files</Filter>
    </CustomBuild>
    <ClCompile Include="debug\moc_statistic.cpp">
      <Filter>Generated Files</Filter>
    </ClCompile>
    <ClCompile Include="release\moc_statistic.cpp">
      <Filter>Generated Files</Filter>
    </ClCompile>
    <ClCompile Include="debug\moc_timer.cpp">
      <Filter>Generated Files</Filter>
    </ClCompile>
    <ClCompile Include="release\moc_timer.cpp">
      <Filter>Generated Files</Filter>
    </ClCompile>
    <ClCompile Include="debug\qrc_res.cpp">
      <Filter>Generated Files</Filter>
    </ClCompile>
    <ClCompile Include="release\qrc_res.cpp">
      <Filter>Generated Files</Filter>
    </ClCompile>
  </ItemGroup>
  <ItemGroup>
    <None Include="hard\clover\correct\10_clover_regular_correct.png">
      <Filter>Resource Files</Filter>
    </None>
    <None Include="hard\clover\neutral\10_clover_regular_neutral.png">
      <Filter>Resource Files</Filter>
    </None>
    <None Include="hard\clover\wrong\10_clover_regular_wrong.png">
      <Filter>Resource Files</Filter>
    </None>
    <None Include="hard\clover\correct\10_clover_very_hard_correct.png">
      <Filter>Resource Files</Filter>
    </None>
    <None Include="hard\clover\neutral\10_clover_very_hard_neutral.png">
      <Filter>Resource Files</Filter>
    </None>
    <None Include="hard\clover\wrong\10_clover_very_hard_wrong.png">
      <Filter>Resource Files</Filter>
    </None>
    <None Include="hard\diamond\correct\10_diamond_very_hard_correct.png">
      <Filter>Resource Files</Filter>
    </None>
    <None Include="hard\diamond\neutral\10_diamond_very_hard_neutral.png">
      <Filter>Resource Files</Filter>
    </None>
    <None Include="hard\diamond\wrong\10_diamond_very_hard_wrong.png">
      <Filter>Resource Files</Filter>
    </None>
    <None Include="hard\heart\correct\10_serc_regular_correct.png">
      <Filter>Resource Files</Filter>
    </None>
    <None Include="hard\heart\neutral\10_serc_regular_neutral.png">
      <Filter>Resource Files</Filter>
    </None>
    <None Include="hard\heart\wrong\10_serc_regular_wrong.png">
      <Filter>Resource Files</Filter>
    </None>
    <None Include="hard\heart\correct\10_serc_very_hard_correct.png">
      <Filter>Resource Files</Filter>
    </None>
    <None Include="hard\heart\neutral\10_serc_very_hard_neutral.png">
      <Filter>Resource Files</Filter>
    </None>
    <None Include="hard\heart\wrong\10_serc_very_hard_wrong.png">
      <Filter>Resource Files</Filter>
    </None>
    <None Include="hard\spade\correct\10_spade_regular_correct.png">
      <Filter>Resource Files</Filter>
    </None>
    <None Include="hard\spade\neutral\10_spade_regular_neutral.png">
      <Filter>Resource Files</Filter>
    </None>
    <None Include="hard\spade\wrong\10_spade_regular_wrong.png">
      <Filter>Resource Files</Filter>
    </None>
    <None Include="hard\spade\correct\10_spade_very_hard_correct.png">
      <Filter>Resource Files</Filter>
    </None>
    <None Include="hard\spade\neutral\10_spade_very_hard_neutral.png">
      <Filter>Resource Files</Filter>
    </None>
    <None Include="hard\spade\wrong\10_spade_very_hard_wrong.png">
      <Filter>Resource Files</Filter>
    </None>
    <None Include="hard\clover\correct\2_clover_regular_correct.png">
      <Filter>Resource Files</Filter>
    </None>
    <None Include="hard\clover\neutral\2_clover_regular_neutral.png">
      <Filter>Resource Files</Filter>
    </None>
    <None Include="hard\clover\wrong\2_clover_regular_wrong.png">
      <Filter>Resource Files</Filter>
    </None>
    <None Include="hard\clover\correct\2_clover_very_hard_correct.png">
      <Filter>Resource Files</Filter>
    </None>
    <None Include="hard\clover\neutral\2_clover_very_hard_neutral.png">
      <Filter>Resource Files</Filter>
    </None>
    <None Include="hard\clover\wrong\2_clover_very_hard_wrong.png">
      <Filter>Resource Files</Filter>
    </None>
    <None Include="hard\diamond\correct\2_diamond_very_hard_correct.png">
      <Filter>Resource Files</Filter>
    </None>
    <None Include="hard\diamond\neutral\2_diamond_very_hard_neutral.png">
      <Filter>Resource Files</Filter>
    </None>
    <None Include="hard\diamond\wrong\2_diamond_very_hard_wrong.png">
      <Filter>Resource Files</Filter>
    </None>
    <None Include="hard\heart\correct\2_serc_regular_correct.png">
      <Filter>Resource Files</Filter>
    </None>
    <None Include="hard\heart\neutral\2_serc_regular_neutral.png">
      <Filter>Resource Files</Filter>
    </None>
    <None Include="hard\heart\wrong\2_serc_regular_wrong.png">
      <Filter>Resource Files</Filter>
    </None>
    <None Include="hard\heart\correct\2_serc_very_hard_correct.png">
      <Filter>Resource Files</Filter>
    </None>
    <None Include="hard\heart\neutral\2_serc_very_hard_neutral.png">
      <Filter>Resource Files</Filter>
    </None>
    <None Include="hard\spade\correct\2_spade_regular_correct.png">
      <Filter>Resource Files</Filter>
    </None>
    <None Include="hard\spade\neutral\2_spade_regular_neutral.png">
      <Filter>Resource Files</Filter>
    </None>
    <None Include="hard\spade\wrong\2_spade_regular_wrong.png">
      <Filter>Resource Files</Filter>
    </None>
    <None Include="hard\spade\correct\2_spade_very_hard_correct.png">
      <Filter>Resource Files</Filter>
    </None>
    <None Include="hard\spade\neutral\2_spade_very_hard_neutral.png">
      <Filter>Resource Files</Filter>
    </None>
    <None Include="hard\spade\wrong\2_spade_very_hard_wrong.png">
      <Filter>Resource Files</Filter>
    </None>
    <None Include="hard\clover\correct\3_clover_regular_correct.png">
      <Filter>Resource Files</Filter>
    </None>
    <None Include="hard\clover\neutral\3_clover_regular_neutral.png">
      <Filter>Resource Files</Filter>
    </None>
    <None Include="hard\clover\wrong\3_clover_regular_wrong.png">
      <Filter>Resource Files</Filter>
    </None>
    <None Include="hard\clover\correct\3_clover_very_hard_correct.png">
      <Filter>Resource Files</Filter>
    </None>
    <None Include="hard\clover\neutral\3_clover_very_hard_neutral.png">
      <Filter>Resource Files</Filter>
    </None>
    <None Include="hard\clover\wrong\3_clover_very_hard_wrong.png">
      <Filter>Resource Files</Filter>
    </None>
    <None Include="hard\diamond\correct\3_diamond_very_hard_correct.png">
      <Filter>Resource Files</Filter>
    </None>
    <None Include="hard\diamond\neutral\3_diamond_very_hard_neutral.png">
      <Filter>Resource Files</Filter>
    </None>
    <None Include="hard\diamond\wrong\3_diamond_very_hard_wrong.png">
      <Filter>Resource Files</Filter>
    </None>
    <None Include="hard\heart\correct\3_serc_regular_correct.png">
      <Filter>Resource Files</Filter>
    </None>
    <None Include="hard\heart\neutral\3_serc_regular_neutral.png">
      <Filter>Resource Files</Filter>
    </None>
    <None Include="hard\heart\wrong\3_serc_regular_wrong.png">
      <Filter>Resource Files</Filter>
    </None>
    <None Include="hard\heart\correct\3_serc_very_hard_correct.png">
      <Filter>Resource Files</Filter>
    </None>
    <None Include="hard\heart\neutral\3_serc_very_hard_neutral.png">
      <Filter>Resource Files</Filter>
    </None>
    <None Include="hard\heart\wrong\3_serc_very_hard_wrong.png">
      <Filter>Resource Files</Filter>
    </None>
    <None Include="hard\spade\correct\3_spade_regular_correct.png">
      <Filter>Resource Files</Filter>
    </None>
    <None Include="hard\spade\neutral\3_spade_regular_neutral.png">
      <Filter>Resource Files</Filter>
    </None>
    <None Include="hard\spade\wrong\3_spade_regular_wrong.png">
      <Filter>Resource Files</Filter>
    </None>
    <None Include="hard\spade\correct\3_spade_very_hard_correct.png">
      <Filter>Resource Files</Filter>
    </None>
    <None Include="hard\spade\neutral\3_spade_very_hard_neutral.png">
      <Filter>Resource Files</Filter>
    </None>
    <None Include="hard\spade\wrong\3_spade_very_hard_wrong.png">
      <Filter>Resource Files</Filter>
    </None>
    <None Include="hard\clover\correct\4_clover_regular_correct.png">
      <Filter>Resource Files</Filter>
    </None>
    <None Include="hard\clover\neutral\4_clover_regular_neutral.png">
      <Filter>Resource Files</Filter>
    </None>
    <None Include="hard\clover\wrong\4_clover_regular_wrong.png">
      <Filter>Resource Files</Filter>
    </None>
    <None Include="hard\clover\correct\4_clover_very_hard_correct.png">
      <Filter>Resource Files</Filter>
    </None>
    <None Include="hard\clover\neutral\4_clover_very_hard_neutral.png">
      <Filter>Resource Files</Filter>
    </None>
    <None Include="hard\clover\wrong\4_clover_very_hard_wrong.png">
      <Filter>Resource Files</Filter>
    </None>
    <None Include="hard\diamond\correct\4_diamond_very_hard_correct.png">
      <Filter>Resource Files</Filter>
    </None>
    <None Include="hard\diamond\neutral\4_diamond_very_hard_neutral.png">
      <Filter>Resource Files</Filter>
    </None>
    <None Include="hard\diamond\wrong\4_diamond_very_hard_wrong.png">
      <Filter>Resource Files</Filter>
    </None>
    <None Include="hard\heart\correct\4_serc_regular_correct.png">
      <Filter>Resource Files</Filter>
    </None>
    <None Include="hard\heart\neutral\4_serc_regular_neutral.png">
      <Filter>Resource Files</Filter>
    </None>
    <None Include="hard\heart\wrong\4_serc_regular_wrong.png">
      <Filter>Resource Files</Filter>
    </None>
    <None Include="hard\heart\correct\4_serc_very_hard_correct.png">
      <Filter>Resource Files</Filter>
    </None>
    <None Include="hard\heart\neutral\4_serc_very_hard_neutral.png">
      <Filter>Resource Files</Filter>
    </None>
    <None Include="hard\heart\wrong\4_serc_very_hard_wrong.png">
      <Filter>Resource Files</Filter>
    </None>
    <None Include="hard\spade\correct\4_spade_regular_correct.png">
      <Filter>Resource Files</Filter>
    </None>
    <None Include="hard\spade\neutral\4_spade_regular_neutral.png">
      <Filter>Resource Files</Filter>
    </None>
    <None Include="hard\spade\wrong\4_spade_regular_wrong.png">
      <Filter>Resource Files</Filter>
    </None>
    <None Include="hard\spade\correct\4_spade_very_hard_correct.png">
      <Filter>Resource Files</Filter>
    </None>
    <None Include="hard\spade\neutral\4_spade_very_hard_neutral.png">
      <Filter>Resource Files</Filter>
    </None>
    <None Include="hard\spade\wrong\4_spade_very_hard_wrong.png">
      <Filter>Resource Files</Filter>
    </None>
    <None Include="hard\clover\correct\5_clover_regular_correct.png">
      <Filter>Resource Files</Filter>
    </None>
    <None Include="hard\clover\neutral\5_clover_regular_neutral.png">
      <Filter>Resource Files</Filter>
    </None>
    <None Include="hard\clover\wrong\5_clover_regular_wrong.png">
      <Filter>Resource Files</Filter>
    </None>
    <None Include="hard\clover\correct\5_clover_very_hard_correct.png">
      <Filter>Resource Files</Filter>
    </None>
    <None Include="hard\clover\neutral\5_clover_very_hard_neutral.png">
      <Filter>Resource Files</Filter>
    </None>
    <None Include="hard\clover\wrong\5_clover_very_hard_wrong.png">
      <Filter>Resource Files</Filter>
    </None>
    <None Include="hard\diamond\correct\5_diamond_very_hard_correct.png">
      <Filter>Resource Files</Filter>
    </None>
    <None Include="hard\diamond\neutral\5_diamond_very_hard_neutral.png">
      <Filter>Resource Files</Filter>
    </None>
    <None Include="hard\diamond\wrong\5_diamond_very_hard_wrong.png">
      <Filter>Resource Files</Filter>
    </None>
    <None Include="hard\heart\correct\5_serc_regular_correct.png">
      <Filter>Resource Files</Filter>
    </None>
    <None Include="hard\heart\neutral\5_serc_regular_neutral.png">
      <Filter>Resource Files</Filter>
    </None>
    <None Include="hard\heart\wrong\5_serc_regular_wrong.png">
      <Filter>Resource Files</Filter>
    </None>
    <None Include="hard\heart\correct\5_serc_very_hard_correct.png">
      <Filter>Resource Files</Filter>
    </None>
    <None Include="hard\heart\neutral\5_serc_very_hard_neutral.png">
      <Filter>Resource Files</Filter>
    </None>
    <None Include="hard\heart\wrong\5_serc_very_hard_wrong.png">
      <Filter>Resource Files</Filter>
    </None>
    <None Include="hard\spade\correct\5_spade_regular_correct.png">
      <Filter>Resource Files</Filter>
    </None>
    <None Include="hard\spade\neutral\5_spade_regular_neutral.png">
      <Filter>Resource Files</Filter>
    </None>
    <None Include="hard\spade\wrong\5_spade_regular_wrong.png">
      <Filter>Resource Files</Filter>
    </None>
    <None Include="hard\spade\correct\5_spade_very_hard_correct.png">
      <Filter>Resource Files</Filter>
    </None>
    <None Include="hard\spade\neutral\5_spade_very_hard_neutral.png">
      <Filter>Resource Files</Filter>
    </None>
    <None Include="hard\spade\wrong\5_spade_very_hard_wrong.png">
      <Filter>Resource Files</Filter>
    </None>
    <None Include="hard\clover\correct\6_clover_regular_correct.png">
      <Filter>Resource Files</Filter>
    </None>
    <None Include="hard\clover\neutral\6_clover_regular_neutral.png">
      <Filter>Resource Files</Filter>
    </None>
    <None Include="hard\clover\wrong\6_clover_regular_wrong.png">
      <Filter>Resource Files</Filter>
    </None>
    <None Include="hard\clover\correct\6_clover_very_hard_correct.png">
      <Filter>Resource Files</Filter>
    </None>
    <None Include="hard\clover\neutral\6_clover_very_hard_neutral.png">
      <Filter>Resource Files</Filter>
    </None>
    <None Include="hard\clover\wrong\6_clover_very_hard_wrong.png">
      <Filter>Resource Files</Filter>
    </None>
    <None Include="hard\diamond\correct\6_diamond_very_hard_correct.png">
      <Filter>Resource Files</Filter>
    </None>
    <None Include="hard\diamond\neutral\6_diamond_very_hard_neutral.png">
      <Filter>Resource Files</Filter>
    </None>
    <None Include="hard\diamond\wrong\6_diamond_very_hard_wrong.png">
      <Filter>Resource Files</Filter>
    </None>
    <None Include="hard\heart\correct\6_serc_regular_correct.png">
      <Filter>Resource Files</Filter>
    </None>
    <None Include="hard\heart\neutral\6_serc_regular_neutral.png">
      <Filter>Resource Files</Filter>
    </None>
    <None Include="hard\heart\wrong\6_serc_regular_wrong.png">
      <Filter>Resource Files</Filter>
    </None>
    <None Include="hard\heart\correct\6_serc_very_hard_correct.png">
      <Filter>Resource Files</Filter>
    </None>
    <None Include="hard\heart\neutral\6_serc_very_hard_neutral.png">
      <Filter>Resource Files</Filter>
    </None>
    <None Include="hard\heart\wrong\6_serc_very_hard_wrong.png">
      <Filter>Resource Files</Filter>
    </None>
    <None Include="hard\spade\correct\6_spade_regular_correct.png">
      <Filter>Resource Files</Filter>
    </None>
    <None Include="hard\spade\neutral\6_spade_regular_neutral.png">
      <Filter>Resource Files</Filter>
    </None>
    <None Include="hard\spade\wrong\6_spade_regular_wrong.png">
      <Filter>Resource Files</Filter>
    </None>
    <None Include="hard\spade\correct\6_spade_very_hard_correct.png">
      <Filter>Resource Files</Filter>
    </None>
    <None Include="hard\spade\neutral\6_spade_very_hard_neutral.png">
      <Filter>Resource Files</Filter>
    </None>
    <None Include="hard\spade\wrong\6_spade_very_hard_wrong.png">
      <Filter>Resource Files</Filter>
    </None>
    <None Include="hard\clover\correct\7_clover_regular_correct.png">
      <Filter>Resource Files</Filter>
    </None>
    <None Include="hard\clover\neutral\7_clover_regular_neutral.png">
      <Filter>Resource Files</Filter>
    </None>
    <None Include="hard\clover\wrong\7_clover_regular_wrong.png">
      <Filter>Resource Files</Filter>
    </None>
    <None Include="hard\clover\correct\7_clover_very_hard_correct.png">
      <Filter>Resource Files</Filter>
    </None>
    <None Include="hard\clover\neutral\7_clover_very_hard_neutral.png">
      <Filter>Resource Files</Filter>
    </None>
    <None Include="hard\clover\wrong\7_clover_very_hard_wrong.png">
      <Filter>Resource Files</Filter>
    </None>
    <None Include="hard\diamond\correct\7_diamond_very_hard_correct.png">
      <Filter>Resource Files</Filter>
    </None>
    <None Include="hard\diamond\neutral\7_diamond_very_hard_neutral.png">
      <Filter>Resource Files</Filter>
    </None>
    <None Include="hard\diamond\wrong\7_diamond_very_hard_wrong.png">
      <Filter>Resource Files</Filter>
    </None>
    <None Include="hard\heart\correct\7_serc_regular_correct.png">
      <Filter>Resource Files</Filter>
    </None>
    <None Include="hard\heart\neutral\7_serc_regular_neutral.png">
      <Filter>Resource Files</Filter>
    </None>
    <None Include="hard\heart\wrong\7_serc_regular_wrong.png">
      <Filter>Resource Files</Filter>
    </None>
    <None Include="hard\heart\correct\7_serc_very_hard_correct.png">
      <Filter>Resource Files</Filter>
    </None>
    <None Include="hard\heart\neutral\7_serc_very_hard_neutral.png">
      <Filter>Resource Files</Filter>
    </None>
    <None Include="hard\heart\wrong\7_serc_very_hard_wrong.png">
      <Filter>Resource Files</Filter>
    </None>
    <None Include="hard\spade\correct\7_spade_regular_correct.png">
      <Filter>Resource Files</Filter>
    </None>
    <None Include="hard\spade\neutral\7_spade_regular_neutral.png">
      <Filter>Resource Files</Filter>
    </None>
    <None Include="hard\spade\wrong\7_spade_regular_wrong.png">
      <Filter>Resource Files</Filter>
    </None>
    <None Include="hard\spade\correct\7_spade_very_hard_correct.png">
      <Filter>Resource Files</Filter>
    </None>
    <None Include="hard\spade\neutral\7_spade_very_hard_neutral.png">
      <Filter>Resource Files</Filter>
    </None>
    <None Include="hard\spade\wrong\7_spade_very_hard_wrong.png">
      <Filter>Resource Files</Filter>
    </None>
    <None Include="hard\clover\correct\8_clover_regular_correct.png">
      <Filter>Resource Files</Filter>
    </None>
    <None Include="hard\clover\neutral\8_clover_regular_neutral.png">
      <Filter>Resource Files</Filter>
    </None>
    <None Include="hard\clover\wrong\8_clover_regular_wrong.png">
      <Filter>Resource Files</Filter>
    </None>
    <None Include="hard\clover\correct\8_clover_very_hard_correct.png">
      <Filter>Resource Files</Filter>
    </None>
    <None Include="hard\clover\neutral\8_clover_very_hard_neutral.png">
      <Filter>Resource Files</Filter>
    </None>
    <None Include="hard\clover\wrong\8_clover_very_hard_wrong.png">
      <Filter>Resource Files</Filter>
    </None>
    <None Include="hard\diamond\correct\8_diamond_very_hard_correct.png">
      <Filter>Resource Files</Filter>
    </None>
    <None Include="hard\diamond\neutral\8_diamond_very_hard_neutral.png">
      <Filter>Resource Files</Filter>
    </None>
    <None Include="hard\diamond\wrong\8_diamond_very_hard_wrong.png">
      <Filter>Resource Files</Filter>
    </None>
    <None Include="hard\heart\correct\8_serc_regular_correct.png">
      <Filter>Resource Files</Filter>
    </None>
    <None Include="hard\heart\neutral\8_serc_regular_neutral.png">
      <Filter>Resource Files</Filter>
    </None>
    <None Include="hard\heart\wrong\8_serc_regular_wrong.png">
      <Filter>Resource Files</Filter>
    </None>
    <None Include="hard\heart\correct\8_serc_very_hard_correct.png">
      <Filter>Resource Files</Filter>
    </None>
    <None Include="hard\heart\neutral\8_serc_very_hard_neutral.png">
      <Filter>Resource Files</Filter>
    </None>
    <None Include="hard\heart\wrong\8_serc_very_hard_wrong.png">
      <Filter>Resource Files</Filter>
    </None>
    <None Include="hard\spade\correct\8_spade_regular_correct.png">
      <Filter>Resource Files</Filter>
    </None>
    <None Include="hard\spade\neutral\8_spade_regular_neutral.png">
      <Filter>Resource Files</Filter>
    </None>
    <None Include="hard\spade\wrong\8_spade_regular_wrong.png">
      <Filter>Resource Files</Filter>
    </None>
    <None Include="hard\spade\correct\8_spade_very_hard_correct.png">
      <Filter>Resource Files</Filter>
    </None>
    <None Include="hard\spade\neutral\8_spade_very_hard_neutral.png">
      <Filter>Resource Files</Filter>
    </None>
    <None Include="hard\spade\wrong\8_spade_very_hard_wrong.png">
      <Filter>Resource Files</Filter>
    </None>
    <None Include="hard\clover\correct\9_clover_regular_correct.png">
      <Filter>Resource Files</Filter>
    </None>
    <None Include="hard\clover\neutral\9_clover_regular_neutral.png">
      <Filter>Resource Files</Filter>
    </None>
    <None Include="hard\clover\wrong\9_clover_regular_wrong.png">
      <Filter>Resource Files</Filter>
    </None>
    <None Include="hard\clover\correct\9_clover_very_hard_correct.png">
      <Filter>Resource Files</Filter>
    </None>
    <None Include="hard\clover\neutral\9_clover_very_hard_neutral.png">
      <Filter>Resource Files</Filter>
    </None>
    <None Include="hard\clover\wrong\9_clover_very_hard_wrong.png">
      <Filter>Resource Files</Filter>
    </None>
    <None Include="hard\diamond\correct\9_diamond_very_hard_correct.png">
      <Filter>Resource Files</Filter>
    </None>
    <None Include="hard\diamond\neutral\9_diamond_very_hard_neutral.png">
      <Filter>Resource Files</Filter>
    </None>
    <None Include="hard\diamond\wrong\9_diamond_very_hard_wrong.png">
      <Filter>Resource Files</Filter>
    </None>
    <None Include="hard\heart\correct\9_serc_regular_correct.png">
      <Filter>Resource Files</Filter>
    </None>
    <None Include="hard\heart\neutral\9_serc_regular_neutral.png">
      <Filter>Resource Files</Filter>
    </None>
    <None Include="hard\heart\wrong\9_serc_regular_wrong.png">
      <Filter>Resource Files</Filter>
    </None>
    <None Include="hard\heart\correct\9_serc_very_hard_correct.png">
      <Filter>Resource Files</Filter>
    </None>
    <None Include="hard\heart\neutral\9_serc_very_hard_neutral.png">
      <Filter>Resource Files</Filter>
    </None>
    <None Include="hard\heart\wrong\9_serc_very_hard_wrong.png">
      <Filter>Resource Files</Filter>
    </None>
    <None Include="hard\spade\correct\9_spade_regular_correct.png">
      <Filter>Resource Files</Filter>
    </None>
    <None Include="hard\spade\neutral\9_spade_regular_neutral.png">
      <Filter>Resource Files</Filter>
    </None>
    <None Include="hard\spade\wrong\9_spade_regular_wrong.png">
      <Filter>Resource Files</Filter>
    </None>
    <None Include="hard\spade\correct\9_spade_very_hard_correct.png">
      <Filter>Resource Files</Filter>
    </None>
    <None Include="hard\spade\neutral\9_spade_very_hard_neutral.png">
      <Filter>Resource Files</Filter>
    </None>
    <None Include="hard\spade\wrong\9_spade_very_hard_wrong.png">
      <Filter>Resource Files</Filter>
    </None>
    <None Include="images\others\options\Options.png">
      <Filter>Resource Files</Filter>
    </None>
    <None Include="images\cards\active.png">
      <Filter>Resource Files</Filter>
    </None>
    <None Include="images\cards\activeVeryHard.png">
      <Filter>Resource Files</Filter>
    </None>
    <None Include="images\others\actuallyLvl.png">
      <Filter>Resource Files</Filter>
    </None>
    <None Include="hard\clover\correct\as_clover_regular_correct.png">
      <Filter>Resource Files</Filter>
    </None>
    <None Include="hard\clover\neutral\as_clover_regular_neutral.png">
      <Filter>Resource Files</Filter>
    </None>
    <None Include="hard\clover\wrong\as_clover_regular_wrong.png">
      <Filter>Resource Files</Filter>
    </None>
    <None Include="hard\clover\correct\as_clover_very_hard_correct.png">
      <Filter>Resource Files</Filter>
    </None>
    <None Include="hard\clover\neutral\as_clover_very_hard_neutral.png">
      <Filter>Resource Files</Filter>
    </None>
    <None Include="hard\clover\wrong\as_clover_very_hard_wrong.png">
      <Filter>Resource Files</Filter>
    </None>
    <None Include="hard\diamond\correct\as_diamond_very_hard_correct.png">
      <Filter>Resource Files</Filter>
    </None>
    <None Include="hard\diamond\neutral\as_diamond_very_hard_neutral.png">
      <Filter>Resource Files</Filter>
    </None>
    <None Include="hard\diamond\wrong\as_diamond_very_hard_wrong.png">
      <Filter>Resource Files</Filter>
    </None>
    <None Include="hard\heart\correct\as_serc_regular_correct.png">
      <Filter>Resource Files</Filter>
    </None>
    <None Include="hard\heart\neutral\as_serc_regular_neutral.png">
      <Filter>Resource Files</Filter>
    </None>
    <None Include="hard\heart\wrong\as_serc_regular_wrong.png">
      <Filter>Resource Files</Filter>
    </None>
    <None Include="hard\heart\correct\as_serc_very_hard_correct.png">
      <Filter>Resource Files</Filter>
    </None>
    <None Include="hard\heart\neutral\as_serc_very_hard_neutral.png">
      <Filter>Resource Files</Filter>
    </None>
    <None Include="hard\heart\wrong\as_serc_very_hard_wrong.png">
      <Filter>Resource Files</Filter>
    </None>
    <None Include="hard\spade\correct\as_spade_regular_correct.png">
      <Filter>Resource Files</Filter>
    </None>
    <None Include="hard\spade\neutral\as_spade_regular_neutral.png">
      <Filter>Resource Files</Filter>
    </None>
    <None Include="hard\spade\wrong\as_spade_regular_wrong.png">
      <Filter>Resource Files</Filter>
    </None>
    <None Include="hard\spade\correct\as_spade_very_hard_correct.png">
      <Filter>Resource Files</Filter>
    </None>
    <None Include="hard\spade\neutral\as_spade_very_hard_neutral.png">
      <Filter>Resource Files</Filter>
    </None>
    <None Include="hard\spade\wrong\as_spade_very_hard_wrong.png">
      <Filter>Resource Files</Filter>
    </None>
    <None Include="images\cards\back.png">
      <Filter>Resource Files</Filter>
    </None>
    <None Include="images\cards\backVeryHard.png">
      <Filter>Resource Files</Filter>
    </None>
    <None Include="images\others\bg.jpg">
      <Filter>Resource Files</Filter>
    </None>
    <None Include="images\others\bg_1920x1080.jpg">
      <Filter>Resource Files</Filter>
    </None>
    <None Include="images\others\buttonBack.png">
      <Filter>Resource Files</Filter>
    </None>
    <None Include="images\others\options\buttonEasy.png">
      <Filter>Resource Files</Filter>
    </None>
    <None Include="images\others\options\buttonHard.png">
      <Filter>Resource Files</Filter>
    </None>
    <None Include="images\others\options\buttonHardcore.png">
      <Filter>Resource Files</Filter>
    </None>
    <None Include="images\others\options\buttonMedium.png">
      <Filter>Resource Files</Filter>
    </None>
    <None Include="images\others\correct.png">
      <Filter>Resource Files</Filter>
    </None>
    <None Include="images\others\correctVeryHard.png">
      <Filter>Resource Files</Filter>
    </None>
    <None Include="hard\clover\correct\dama_clover_regular_correct.png">
      <Filter>Resource Files</Filter>
    </None>
    <None Include="hard\clover\neutral\dama_clover_regular_neutral.png">
      <Filter>Resource Files</Filter>
    </None>
    <None Include="hard\clover\wrong\dama_clover_regular_wrong.png">
      <Filter>Resource Files</Filter>
    </None>
    <None Include="hard\clover\correct\dama_clover_very_hard_correct.png">
      <Filter>Resource Files</Filter>
    </None>
    <None Include="hard\clover\neutral\dama_clover_very_hard_neutral.png">
      <Filter>Resource Files</Filter>
    </None>
    <None Include="hard\clover\wrong\dama_clover_very_hard_wrong.png">
      <Filter>Resource Files</Filter>
    </None>
    <None Include="hard\diamond\correct\dama_diamond_very_hard_correct.png">
      <Filter>Resource Files</Filter>
    </None>
    <None Include="hard\diamond\neutral\dama_diamond_very_hard_neutral.png">
      <Filter>Resource Files</Filter>
    </None>
    <None Include="hard\diamond\wrong\dama_diamond_very_hard_wrong.png">
      <Filter>Resource Files</Filter>
    </None>
    <None Include="hard\heart\correct\dama_serc_regular_correct.png">
      <Filter>Resource Files</Filter>
    </None>
    <None Include="hard\heart\neutral\dama_serc_regular_neutral.png">
      <Filter>Resource Files</Filter>
    </None>
    <None Include="hard\heart\wrong\dama_serc_regular_wrong.png">
      <Filter>Resource Files</Filter>
    </None>
    <None Include="hard\heart\correct\dama_serc_very_hard_correct.png">
      <Filter>Resource Files</Filter>
    </None>
    <None Include="hard\heart\neutral\dama_serc_very_hard_neutral.png">
      <Filter>Resource Files</Filter>
    </None>
    <None Include="hard\heart\wrong\dama_serc_very_hard_wrong.png">
      <Filter>Resource Files</Filter>
    </None>
    <None Include="hard\spade\correct\dama_spade_regular_correct.png">
      <Filter>Resource Files</Filter>
    </None>
    <None Include="hard\spade\neutral\dama_spade_regular_neutral.png">
      <Filter>Resource Files</Filter>
    </None>
    <None Include="hard\spade\wrong\dama_spade_regular_wrong.png">
      <Filter>Resource Files</Filter>
    </None>
    <None Include="hard\spade\correct\dama_spade_very_hard_correct.png">
      <Filter>Resource Files</Filter>
    </None>
    <None Include="hard\spade\neutral\dama_spade_very_hard_neutral.png">
      <Filter>Resource Files</Filter>
    </None>
    <None Include="hard\spade\wrong\dama_spade_very_hard_wrong.png">
      <Filter>Resource Files</Filter>
    </None>
    <None Include="images\others\options\difficultLevel.png">
      <Filter>Resource Files</Filter>
    </None>
    <None Include="images\cards\easy,">
      <Filter>Resource Files</Filter>
    </None>
    <None Include="images\others\empty.png">
      <Filter>Resource Files</Filter>
    </None>
    <None Include="images\others\informationFrame.png">
      <Filter>Resource Files</Filter>
    </None>
    <None Include="hard\clover\correct\jopek_clover_regular_correct.png">
      <Filter>Resource Files</Filter>
    </None>
    <None Include="hard\clover\neutral\jopek_clover_regular_neutral.png">
      <Filter>Resource Files</Filter>
    </None>
    <None Include="hard\clover\wrong\jopek_clover_regular_wrong.png">
      <Filter>Resource Files</Filter>
    </None>
    <None Include="hard\clover\correct\jopek_clover_very_hard_correct.png">
      <Filter>Resource Files</Filter>
    </None>
    <None Include="hard\clover\neutral\jopek_clover_very_hard_neutral.png">
      <Filter>Resource Files</Filter>
    </None>
    <None Include="hard\clover\wrong\jopek_clover_very_hard_wrong.png">
      <Filter>Resource Files</Filter>
    </None>
    <None Include="hard\diamond\correct\jopek_diamond_very_hard_correct.png">
      <Filter>Resource Files</Filter>
    </None>
    <None Include="hard\diamond\neutral\jopek_diamond_very_hard_neutral.png">
      <Filter>Resource Files</Filter>
    </None>
    <None Include="hard\diamond\wrong\jopek_diamond_very_hard_wrong.png">
      <Filter>Resource Files</Filter>
    </None>
    <None Include="hard\heart\correct\jopek_serc_regular_correct.png">
      <Filter>Resource Files</Filter>
    </None>
    <None Include="hard\heart\neutral\jopek_serc_regular_neutral.png">
      <Filter>Resource Files</Filter>
    </None>
    <None Include="hard\heart\wrong\jopek_serc_regular_wrong.png">
      <Filter>Resource Files</Filter>
    </None>
    <None Include="hard\heart\correct\jopek_serc_very_hard_correct.png">
      <Filter>Resource Files</Filter>
    </None>
    <None Include="hard\heart\neutral\jopek_serc_very_hard_neutral.png">
      <Filter>Resource Files</Filter>
    </None>
    <None Include="hard\heart\wrong\jopek_serc_very_hard_wrong.png">
      <Filter>Resource Files</Filter>
    </None>
    <None Include="hard\spade\correct\jopek_spade_regular_correct.png">
      <Filter>Resource Files</Filter>
    </None>
    <None Include="hard\spade\neutral\jopek_spade_regular_neutral.png">
      <Filter>Resource Files</Filter>
    </None>
    <None Include="hard\spade\wrong\jopek_spade_regular_wrong.png">
      <Filter>Resource Files</Filter>
    </None>
    <None Include="hard\spade\correct\jopek_spade_very_hard_correct.png">
      <Filter>Resource Files</Filter>
    </None>
    <None Include="hard\spade\neutral\jopek_spade_very_hard_neutral.png">
      <Filter>Resource Files</Filter>
    </None>
    <None Include="hard\spade\wrong\jopek_spade_very_hard_wrong.png">
      <Filter>Resource Files</Filter>
    </None>
    <None Include="hard\clover\correct\krol_clover_regular_correct.png">
      <Filter>Resource Files</Filter>
    </None>
    <None Include="hard\clover\neutral\krol_clover_regular_neutral.png">
      <Filter>Resource Files</Filter>
    </None>
    <None Include="hard\clover\wrong\krol_clover_regular_wrong.png">
      <Filter>Resource Files</Filter>
    </None>
    <None Include="hard\clover\correct\krol_clover_very_hard_correct.png">
      <Filter>Resource Files</Filter>
    </None>
    <None Include="hard\clover\neutral\krol_clover_very_hard_neutral.png">
      <Filter>Resource Files</Filter>
    </None>
    <None Include="hard\clover\wrong\krol_clover_very_hard_wrong.png">
      <Filter>Resource Files</Filter>
    </None>
    <None Include="hard\diamond\correct\krol_diamond_very_hard_correct.png">
      <Filter>Resource Files</Filter>
    </None>
    <None Include="hard\diamond\neutral\krol_diamond_very_hard_neutral.png">
      <Filter>Resource Files</Filter>
    </None>
    <None Include="hard\diamond\wrong\krol_diamond_very_hard_wrong.png">
      <Filter>Resource Files</Filter>
    </None>
    <None Include="hard\heart\correct\krol_serc_regular_correct.png">
      <Filter>Resource Files</Filter>
    </None>
    <None Include="hard\heart\neutral\krol_serc_regular_neutral.png">
      <Filter>Resource Files</Filter>
    </None>
    <None Include="hard\heart\wrong\krol_serc_regular_wrong.png">
      <Filter>Resource Files</Filter>
    </None>
    <None Include="hard\heart\correct\krol_serc_very_hard_correct.png">
      <Filter>Resource Files</Filter>
    </None>
    <None Include="hard\heart\neutral\krol_serc_very_hard_neutral.png">
      <Filter>Resource Files</Filter>
    </None>
    <None Include="hard\heart\wrong\krol_serc_very_hard_wrong.png">
      <Filter>Resource Files</Filter>
    </None>
    <None Include="hard\spade\correct\krol_spade_regular_correct.png">
      <Filter>Resource Files</Filter>
    </None>
    <None Include="hard\spade\neutral\krol_spade_regular_neutral.png">
      <Filter>Resource Files</Filter>
    </None>
    <None Include="hard\spade\wrong\krol_spade_regular_wrong.png">
      <Filter>Resource Files</Filter>
    </None>
    <None Include="hard\spade\correct\krol_spade_very_hard_correct.png">
      <Filter>Resource Files</Filter>
    </None>
    <None Include="hard\spade\neutral\krol_spade_very_hard_neutral.png">
      <Filter>Resource Files</Filter>
    </None>
    <None Include="hard\spade\wrong\krol_spade_very_hard_wrong.png">
      <Filter>Resource Files</Filter>
    </None>
    <None Include="medium,">
      <Filter>Resource Files</Filter>
    </None>
    <CustomBuild Include="res.qrc">
      <Filter>Resource Files</Filter>
    </CustomBuild>
    <None Include="images\others\statisticsIconS.png">
      <Filter>Resource Files</Filter>
    </None>
    <None Include="images\others\summaryGameOver.png">
      <Filter>Resource Files</Filter>
    </None>
    <None Include="images\cards\very">
      <Filter>Resource Files</Filter>
    </None>
    <None Include="images\others\wrong.png">
      <Filter>Resource Files</Filter>
    </None>
    <None Include="images\others\wrongVeryHard.png">
      <Filter>Resource Files</Filter>
    </None>
  </ItemGroup>
  <ItemGroup>
    <None Include="F:\PROGRAMY\QT\5.11.2\WINRT_X86_MSVC2017\bin\Qt5Core.dll">
      <Filter>Deployment Files</Filter>
    </None>
    <None Include="F:\PROGRAMY\QT\5.11.2\WINRT_X86_MSVC2017\bin\Qt5Cored.dll">
      <Filter>Deployment Files</Filter>
    </None>
    <None Include="F:\PROGRAMY\QT\5.11.2\WINRT_X86_MSVC2017\bin\Qt5Gui.dll">
      <Filter>Deployment Files</Filter>
    </None>
    <None Include="F:\PROGRAMY\QT\5.11.2\WINRT_X86_MSVC2017\bin\Qt5Guid.dll">
      <Filter>Deployment Files</Filter>
    </None>
    <None Include="F:\PROGRAMY\QT\5.11.2\WINRT_X86_MSVC2017\bin\Qt5Sql.dll">
      <Filter>Deployment Files</Filter>
    </None>
    <None Include="F:\PROGRAMY\QT\5.11.2\WINRT_X86_MSVC2017\bin\Qt5Sqld.dll">
      <Filter>Deployment Files</Filter>
    </None>
    <None Include="F:\PROGRAMY\QT\5.11.2\WINRT_X86_MSVC2017\bin\Qt5Widgets.dll">
      <Filter>Deployment Files</Filter>
    </None>
    <None Include="F:\PROGRAMY\QT\5.11.2\WINRT_X86_MSVC2017\bin\Qt5Widgetsd.dll">
      <Filter>Deployment Files</Filter>
    </None>
    <None Include="F:\PROGRAMY\QT\5.11.2\WINRT_X86_MSVC2017\bin\libEGL.dll">
      <Filter>Deployment Files</Filter>
    </None>
    <None Include="F:\PROGRAMY\QT\5.11.2\WINRT_X86_MSVC2017\bin\libEGLd.dll">
      <Filter>Deployment Files</Filter>
    </None>
    <None Include="F:\PROGRAMY\QT\5.11.2\WINRT_X86_MSVC2017\bin\libGLESv2.dll">
      <Filter>Deployment Files</Filter>
    </None>
    <None Include="F:\PROGRAMY\QT\5.11.2\WINRT_X86_MSVC2017\bin\libGLESv2d.dll">
      <Filter>Deployment Files</Filter>
    </None>
  </ItemGroup>
</Project>